
Microsoft Visual Studio Solution File, Format Version 12.00
# Visual Studio Version 16
VisualStudioVersion = 16.0.32002.261
MinimumVisualStudioVersion = 10.0.40219.1
Project("{FAE04EC0-301F-11D3-BF4B-00C04F79EFBC}") = "ITMO.ASP.NET.MyApp", "ITMO.ASP.NET.MyApp.csproj", "{5BFAFC21-4A0C-46C9-A644-5F5C877CC957}"
EndProject
Global
	GlobalSection(SolutionConfigurationPlatforms) = preSolution
		Debug|Any CPU = Debug|Any CPU
		Release|Any CPU = Release|Any CPU
	EndGlobalSection
	GlobalSection(ProjectConfigurationPlatforms) = postSolution
		{5BFAFC21-4A0C-46C9-A644-5F5C877CC957}.Debug|Any CPU.ActiveCfg = Debug|Any CPU
		{5BFAFC21-4A0C-46C9-A644-5F5C877CC957}.Debug|Any CPU.Build.0 = Debug|Any CPU
		{5BFAFC21-4A0C-46C9-A644-5F5C877CC957}.Release|Any CPU.ActiveCfg = Release|Any CPU
		{5BFAFC21-4A0C-46C9-A644-5F5C877CC957}.Release|Any CPU.Build.0 = Release|Any CPU
	EndGlobalSection
	GlobalSection(SolutionProperties) = preSolution
		HideSolutionNode = FALSE
	EndGlobalSection
	GlobalSection(ExtensibilityGlobals) = postSolution
		SolutionGuid = {0F6892FF-1115-4BD2-A073-B149A8A14AA0}
	EndGlobalSection
EndGlobal
