
Microsoft Visual Studio Solution File, Format Version 12.00
# Visual Studio Version 16
VisualStudioVersion = 16.0.32002.261
MinimumVisualStudioVersion = 10.0.40219.1
Project("{FAE04EC0-301F-11D3-BF4B-00C04F79EFBC}") = "ITMO.ASPnet.MvcCreditApp", "ITMO.ASPnet.MvcCreditApp.csproj", "{302F1675-947A-44DB-8B07-518123855D2E}"
EndProject
Global
	GlobalSection(SolutionConfigurationPlatforms) = preSolution
		Debug|Any CPU = Debug|Any CPU
		Release|Any CPU = Release|Any CPU
	EndGlobalSection
	GlobalSection(ProjectConfigurationPlatforms) = postSolution
		{302F1675-947A-44DB-8B07-518123855D2E}.Debug|Any CPU.ActiveCfg = Debug|Any CPU
		{302F1675-947A-44DB-8B07-518123855D2E}.Debug|Any CPU.Build.0 = Debug|Any CPU
		{302F1675-947A-44DB-8B07-518123855D2E}.Release|Any CPU.ActiveCfg = Release|Any CPU
		{302F1675-947A-44DB-8B07-518123855D2E}.Release|Any CPU.Build.0 = Release|Any CPU
	EndGlobalSection
	GlobalSection(SolutionProperties) = preSolution
		HideSolutionNode = FALSE
	EndGlobalSection
	GlobalSection(ExtensibilityGlobals) = postSolution
		SolutionGuid = {1A64FFDE-A86B-48D7-A0FA-9C88BB81AAC7}
	EndGlobalSection
EndGlobal
